// !$*UTF8*$!
{
	archiveVersion = 1;
	classes = {
	};
	objectVersion = 50;
	objects = {

/* Begin PBXBuildFile section */
		7016373921BBBB3000C130D5 /* AppDelegate.swift in Sources */ = {isa = PBXBuildFile; fileRef = 7016373821BBBB3000C130D5 /* AppDelegate.swift */; };
		7016373E21BBBB3000C130D5 /* Main.storyboard in Resources */ = {isa = PBXBuildFile; fileRef = 7016373C21BBBB3000C130D5 /* Main.storyboard */; };
		7016374021BBBB3100C130D5 /* Assets.xcassets in Resources */ = {isa = PBXBuildFile; fileRef = 7016373F21BBBB3100C130D5 /* Assets.xcassets */; };
		7016374321BBBB3100C130D5 /* LaunchScreen.storyboard in Resources */ = {isa = PBXBuildFile; fileRef = 7016374121BBBB3100C130D5 /* LaunchScreen.storyboard */; };
		7016374E21BBBB3100C130D5 /* ImageFilterTests.swift in Sources */ = {isa = PBXBuildFile; fileRef = 7016374D21BBBB3100C130D5 /* ImageFilterTests.swift */; };
		7016375921BBBB3100C130D5 /* ImageFilterUITests.swift in Sources */ = {isa = PBXBuildFile; fileRef = 7016375821BBBB3100C130D5 /* ImageFilterUITests.swift */; };
		7016376B21BBC02C00C130D5 /* TransitionController.swift in Sources */ = {isa = PBXBuildFile; fileRef = 7016376A21BBC02C00C130D5 /* TransitionController.swift */; };
		7016376D21BBC54800C130D5 /* TransitionConfigurationHolder.swift in Sources */ = {isa = PBXBuildFile; fileRef = 7016376C21BBC54800C130D5 /* TransitionConfigurationHolder.swift */; };
		7016377021BBC58C00C130D5 /* AnyModuleInput.swift in Sources */ = {isa = PBXBuildFile; fileRef = 7016376F21BBC58C00C130D5 /* AnyModuleInput.swift */; };
		7016377521BBCAC300C130D5 /* MainViewController.swift in Sources */ = {isa = PBXBuildFile; fileRef = 7016377421BBCAC300C130D5 /* MainViewController.swift */; };
		7016377B21BBCFE900C130D5 /* PhotoLibraryPermissionsReachability.swift in Sources */ = {isa = PBXBuildFile; fileRef = 7016377A21BBCFE900C130D5 /* PhotoLibraryPermissionsReachability.swift */; };
		7016377E21BBD00300C130D5 /* CameraPermissionsReachability.swift in Sources */ = {isa = PBXBuildFile; fileRef = 7016377D21BBD00300C130D5 /* CameraPermissionsReachability.swift */; };
		7016378121BBD20000C130D5 /* UIViewControllerExtensions.swift in Sources */ = {isa = PBXBuildFile; fileRef = 7016378021BBD20000C130D5 /* UIViewControllerExtensions.swift */; };
		7016378321BBDB3C00C130D5 /* ShowAlert.swift in Sources */ = {isa = PBXBuildFile; fileRef = 7016378221BBDB3C00C130D5 /* ShowAlert.swift */; };
		7016378521BBDBF500C130D5 /* MediaSource.swift in Sources */ = {isa = PBXBuildFile; fileRef = 7016378421BBDBF500C130D5 /* MediaSource.swift */; };
		7016378821BBDCC900C130D5 /* ImageEditViewController.swift in Sources */ = {isa = PBXBuildFile; fileRef = 7016378721BBDCC900C130D5 /* ImageEditViewController.swift */; };
		7016378B21BBDCFA00C130D5 /* ImageEdit.storyboard in Resources */ = {isa = PBXBuildFile; fileRef = 7016378A21BBDCFA00C130D5 /* ImageEdit.storyboard */; };
		7016378F21BBE35100C130D5 /* BaseViewController.swift in Sources */ = {isa = PBXBuildFile; fileRef = 7016378E21BBE35100C130D5 /* BaseViewController.swift */; };
		7016379121BBE6A300C130D5 /* ImageEditModuleInput.swift in Sources */ = {isa = PBXBuildFile; fileRef = 7016379021BBE6A300C130D5 /* ImageEditModuleInput.swift */; };
		7016379421BBF19700C130D5 /* ImageEditDisplayManager.swift in Sources */ = {isa = PBXBuildFile; fileRef = 7016379321BBF19700C130D5 /* ImageEditDisplayManager.swift */; };
		7016379721BBF5A100C130D5 /* CellFactory.swift in Sources */ = {isa = PBXBuildFile; fileRef = 7016379621BBF5A100C130D5 /* CellFactory.swift */; };
		7016379921BBF60900C130D5 /* UITableView+Factory.swift in Sources */ = {isa = PBXBuildFile; fileRef = 7016379821BBF60900C130D5 /* UITableView+Factory.swift */; };
		7016379D21BC0DDF00C130D5 /* ImageFilterCell.swift in Sources */ = {isa = PBXBuildFile; fileRef = 7016379B21BC0DDF00C130D5 /* ImageFilterCell.swift */; };
		7016379E21BC0DDF00C130D5 /* ImageFilterCell.xib in Resources */ = {isa = PBXBuildFile; fileRef = 7016379C21BC0DDF00C130D5 /* ImageFilterCell.xib */; };
		701637A121BC0EC700C130D5 /* ImageFilters.swift in Sources */ = {isa = PBXBuildFile; fileRef = 701637A021BC0EC700C130D5 /* ImageFilters.swift */; };
		701637A421BC1C0200C130D5 /* ImageEditService.swift in Sources */ = {isa = PBXBuildFile; fileRef = 701637A321BC1C0200C130D5 /* ImageEditService.swift */; };
		701637A621BC331600C130D5 /* UIImage+FixOrientation.swift in Sources */ = {isa = PBXBuildFile; fileRef = 701637A521BC331600C130D5 /* UIImage+FixOrientation.swift */; };
		701637A921BC408700C130D5 /* ActivityViewControllerShowing.swift in Sources */ = {isa = PBXBuildFile; fileRef = 701637A821BC408700C130D5 /* ActivityViewControllerShowing.swift */; };
/* End PBXBuildFile section */

/* Begin PBXContainerItemProxy section */
		7016374A21BBBB3100C130D5 /* PBXContainerItemProxy */ = {
			isa = PBXContainerItemProxy;
			containerPortal = 7016372D21BBBB3000C130D5 /* Project object */;
			proxyType = 1;
			remoteGlobalIDString = 7016373421BBBB3000C130D5;
			remoteInfo = ImageFilter;
		};
		7016375521BBBB3100C130D5 /* PBXContainerItemProxy */ = {
			isa = PBXContainerItemProxy;
			containerPortal = 7016372D21BBBB3000C130D5 /* Project object */;
			proxyType = 1;
			remoteGlobalIDString = 7016373421BBBB3000C130D5;
			remoteInfo = ImageFilter;
		};
/* End PBXContainerItemProxy section */

/* Begin PBXFileReference section */
		7016373521BBBB3000C130D5 /* ImageFilter.app */ = {isa = PBXFileReference; explicitFileType = wrapper.application; includeInIndex = 0; path = ImageFilter.app; sourceTree = BUILT_PRODUCTS_DIR; };
		7016373821BBBB3000C130D5 /* AppDelegate.swift */ = {isa = PBXFileReference; lastKnownFileType = sourcecode.swift; path = AppDelegate.swift; sourceTree = "<group>"; };
		7016373D21BBBB3000C130D5 /* Base */ = {isa = PBXFileReference; lastKnownFileType = file.storyboard; name = Base; path = Base.lproj/Main.storyboard; sourceTree = "<group>"; };
		7016373F21BBBB3100C130D5 /* Assets.xcassets */ = {isa = PBXFileReference; lastKnownFileType = folder.assetcatalog; path = Assets.xcassets; sourceTree = "<group>"; };
		7016374221BBBB3100C130D5 /* Base */ = {isa = PBXFileReference; lastKnownFileType = file.storyboard; name = Base; path = Base.lproj/LaunchScreen.storyboard; sourceTree = "<group>"; };
		7016374421BBBB3100C130D5 /* Info.plist */ = {isa = PBXFileReference; lastKnownFileType = text.plist.xml; path = Info.plist; sourceTree = "<group>"; };
		7016374921BBBB3100C130D5 /* ImageFilterTests.xctest */ = {isa = PBXFileReference; explicitFileType = wrapper.cfbundle; includeInIndex = 0; path = ImageFilterTests.xctest; sourceTree = BUILT_PRODUCTS_DIR; };
		7016374D21BBBB3100C130D5 /* ImageFilterTests.swift */ = {isa = PBXFileReference; lastKnownFileType = sourcecode.swift; path = ImageFilterTests.swift; sourceTree = "<group>"; };
		7016374F21BBBB3100C130D5 /* Info.plist */ = {isa = PBXFileReference; lastKnownFileType = text.plist.xml; path = Info.plist; sourceTree = "<group>"; };
		7016375421BBBB3100C130D5 /* ImageFilterUITests.xctest */ = {isa = PBXFileReference; explicitFileType = wrapper.cfbundle; includeInIndex = 0; path = ImageFilterUITests.xctest; sourceTree = BUILT_PRODUCTS_DIR; };
		7016375821BBBB3100C130D5 /* ImageFilterUITests.swift */ = {isa = PBXFileReference; lastKnownFileType = sourcecode.swift; path = ImageFilterUITests.swift; sourceTree = "<group>"; };
		7016375A21BBBB3100C130D5 /* Info.plist */ = {isa = PBXFileReference; lastKnownFileType = text.plist.xml; path = Info.plist; sourceTree = "<group>"; };
		7016376A21BBC02C00C130D5 /* TransitionController.swift */ = {isa = PBXFileReference; lastKnownFileType = sourcecode.swift; path = TransitionController.swift; sourceTree = "<group>"; };
		7016376C21BBC54800C130D5 /* TransitionConfigurationHolder.swift */ = {isa = PBXFileReference; lastKnownFileType = sourcecode.swift; path = TransitionConfigurationHolder.swift; sourceTree = "<group>"; };
		7016376F21BBC58C00C130D5 /* AnyModuleInput.swift */ = {isa = PBXFileReference; lastKnownFileType = sourcecode.swift; path = AnyModuleInput.swift; sourceTree = "<group>"; };
		7016377421BBCAC300C130D5 /* MainViewController.swift */ = {isa = PBXFileReference; lastKnownFileType = sourcecode.swift; path = MainViewController.swift; sourceTree = "<group>"; };
		7016377A21BBCFE900C130D5 /* PhotoLibraryPermissionsReachability.swift */ = {isa = PBXFileReference; lastKnownFileType = sourcecode.swift; path = PhotoLibraryPermissionsReachability.swift; sourceTree = "<group>"; };
		7016377D21BBD00300C130D5 /* CameraPermissionsReachability.swift */ = {isa = PBXFileReference; lastKnownFileType = sourcecode.swift; path = CameraPermissionsReachability.swift; sourceTree = "<group>"; };
		7016378021BBD20000C130D5 /* UIViewControllerExtensions.swift */ = {isa = PBXFileReference; lastKnownFileType = sourcecode.swift; path = UIViewControllerExtensions.swift; sourceTree = "<group>"; };
		7016378221BBDB3C00C130D5 /* ShowAlert.swift */ = {isa = PBXFileReference; lastKnownFileType = sourcecode.swift; path = ShowAlert.swift; sourceTree = "<group>"; };
		7016378421BBDBF500C130D5 /* MediaSource.swift */ = {isa = PBXFileReference; lastKnownFileType = sourcecode.swift; path = MediaSource.swift; sourceTree = "<group>"; };
		7016378721BBDCC900C130D5 /* ImageEditViewController.swift */ = {isa = PBXFileReference; lastKnownFileType = sourcecode.swift; path = ImageEditViewController.swift; sourceTree = "<group>"; };
		7016378A21BBDCFA00C130D5 /* ImageEdit.storyboard */ = {isa = PBXFileReference; lastKnownFileType = file.storyboard; path = ImageEdit.storyboard; sourceTree = "<group>"; };
		7016378E21BBE35100C130D5 /* BaseViewController.swift */ = {isa = PBXFileReference; lastKnownFileType = sourcecode.swift; path = BaseViewController.swift; sourceTree = "<group>"; };
		7016379021BBE6A300C130D5 /* ImageEditModuleInput.swift */ = {isa = PBXFileReference; lastKnownFileType = sourcecode.swift; path = ImageEditModuleInput.swift; sourceTree = "<group>"; };
		7016379321BBF19700C130D5 /* ImageEditDisplayManager.swift */ = {isa = PBXFileReference; lastKnownFileType = sourcecode.swift; path = ImageEditDisplayManager.swift; sourceTree = "<group>"; };
		7016379621BBF5A100C130D5 /* CellFactory.swift */ = {isa = PBXFileReference; lastKnownFileType = sourcecode.swift; path = CellFactory.swift; sourceTree = "<group>"; };
		7016379821BBF60900C130D5 /* UITableView+Factory.swift */ = {isa = PBXFileReference; lastKnownFileType = sourcecode.swift; path = "UITableView+Factory.swift"; sourceTree = "<group>"; };
		7016379B21BC0DDF00C130D5 /* ImageFilterCell.swift */ = {isa = PBXFileReference; lastKnownFileType = sourcecode.swift; path = ImageFilterCell.swift; sourceTree = "<group>"; };
		7016379C21BC0DDF00C130D5 /* ImageFilterCell.xib */ = {isa = PBXFileReference; lastKnownFileType = file.xib; path = ImageFilterCell.xib; sourceTree = "<group>"; };
		701637A021BC0EC700C130D5 /* ImageFilters.swift */ = {isa = PBXFileReference; lastKnownFileType = sourcecode.swift; path = ImageFilters.swift; sourceTree = "<group>"; };
		701637A321BC1C0200C130D5 /* ImageEditService.swift */ = {isa = PBXFileReference; lastKnownFileType = sourcecode.swift; path = ImageEditService.swift; sourceTree = "<group>"; };
		701637A521BC331600C130D5 /* UIImage+FixOrientation.swift */ = {isa = PBXFileReference; lastKnownFileType = sourcecode.swift; path = "UIImage+FixOrientation.swift"; sourceTree = "<group>"; };
		701637A821BC408700C130D5 /* ActivityViewControllerShowing.swift */ = {isa = PBXFileReference; lastKnownFileType = sourcecode.swift; path = ActivityViewControllerShowing.swift; sourceTree = "<group>"; };
/* End PBXFileReference section */

/* Begin PBXFrameworksBuildPhase section */
		7016373221BBBB3000C130D5 /* Frameworks */ = {
			isa = PBXFrameworksBuildPhase;
			buildActionMask = 2147483647;
			files = (
			);
			runOnlyForDeploymentPostprocessing = 0;
		};
		7016374621BBBB3100C130D5 /* Frameworks */ = {
			isa = PBXFrameworksBuildPhase;
			buildActionMask = 2147483647;
			files = (
			);
			runOnlyForDeploymentPostprocessing = 0;
		};
		7016375121BBBB3100C130D5 /* Frameworks */ = {
			isa = PBXFrameworksBuildPhase;
			buildActionMask = 2147483647;
			files = (
			);
			runOnlyForDeploymentPostprocessing = 0;
		};
/* End PBXFrameworksBuildPhase section */

/* Begin PBXGroup section */
		7016372C21BBBB3000C130D5 = {
			isa = PBXGroup;
			children = (
				7016373721BBBB3000C130D5 /* ImageFilter */,
				7016374C21BBBB3100C130D5 /* ImageFilterTests */,
				7016375721BBBB3100C130D5 /* ImageFilterUITests */,
				7016373621BBBB3000C130D5 /* Products */,
			);
			sourceTree = "<group>";
		};
		7016373621BBBB3000C130D5 /* Products */ = {
			isa = PBXGroup;
			children = (
				7016373521BBBB3000C130D5 /* ImageFilter.app */,
				7016374921BBBB3100C130D5 /* ImageFilterTests.xctest */,
				7016375421BBBB3100C130D5 /* ImageFilterUITests.xctest */,
			);
			name = Products;
			sourceTree = "<group>";
		};
		7016373721BBBB3000C130D5 /* ImageFilter */ = {
			isa = PBXGroup;
			children = (
				7016376721BBBC0200C130D5 /* ApplicationLayer */,
				7016376821BBBC7500C130D5 /* PresentationLayer */,
				701637A221BC1BD600C130D5 /* BuisnessLogicLayer */,
				701637A721BC3D7600C130D5 /* Models */,
				7016377821BBCF6E00C130D5 /* CoreLayer */,
				7016376621BBBB9C00C130D5 /* SupportingFiles */,
			);
			path = ImageFilter;
			sourceTree = "<group>";
		};
		7016374C21BBBB3100C130D5 /* ImageFilterTests */ = {
			isa = PBXGroup;
			children = (
				7016374D21BBBB3100C130D5 /* ImageFilterTests.swift */,
				7016374F21BBBB3100C130D5 /* Info.plist */,
			);
			path = ImageFilterTests;
			sourceTree = "<group>";
		};
		7016375721BBBB3100C130D5 /* ImageFilterUITests */ = {
			isa = PBXGroup;
			children = (
				7016375821BBBB3100C130D5 /* ImageFilterUITests.swift */,
				7016375A21BBBB3100C130D5 /* Info.plist */,
			);
			path = ImageFilterUITests;
			sourceTree = "<group>";
		};
		7016376621BBBB9C00C130D5 /* SupportingFiles */ = {
			isa = PBXGroup;
			children = (
				7016373F21BBBB3100C130D5 /* Assets.xcassets */,
				7016374121BBBB3100C130D5 /* LaunchScreen.storyboard */,
				7016374421BBBB3100C130D5 /* Info.plist */,
			);
			path = SupportingFiles;
			sourceTree = "<group>";
		};
		7016376721BBBC0200C130D5 /* ApplicationLayer */ = {
			isa = PBXGroup;
			children = (
				7016373821BBBB3000C130D5 /* AppDelegate.swift */,
			);
			path = ApplicationLayer;
			sourceTree = "<group>";
		};
		7016376821BBBC7500C130D5 /* PresentationLayer */ = {
			isa = PBXGroup;
			children = (
				7016377F21BBD1D100C130D5 /* Extensions */,
				7016376921BBC00E00C130D5 /* Root */,
				7016377221BBCA7F00C130D5 /* Modules */,
			);
			path = PresentationLayer;
			sourceTree = "<group>";
		};
		7016376921BBC00E00C130D5 /* Root */ = {
			isa = PBXGroup;
			children = (
				7016379521BBF57F00C130D5 /* Factory */,
				7016376E21BBC54F00C130D5 /* Transition */,
				7016378E21BBE35100C130D5 /* BaseViewController.swift */,
				7016378221BBDB3C00C130D5 /* ShowAlert.swift */,
				7016378421BBDBF500C130D5 /* MediaSource.swift */,
				701637A821BC408700C130D5 /* ActivityViewControllerShowing.swift */,
			);
			path = Root;
			sourceTree = "<group>";
		};
		7016376E21BBC54F00C130D5 /* Transition */ = {
			isa = PBXGroup;
			children = (
				7016376F21BBC58C00C130D5 /* AnyModuleInput.swift */,
				7016376C21BBC54800C130D5 /* TransitionConfigurationHolder.swift */,
				7016376A21BBC02C00C130D5 /* TransitionController.swift */,
			);
			path = Transition;
			sourceTree = "<group>";
		};
		7016377221BBCA7F00C130D5 /* Modules */ = {
			isa = PBXGroup;
			children = (
				7016377321BBCA9E00C130D5 /* Main */,
				7016378621BBDCA900C130D5 /* ImageEdit */,
			);
			path = Modules;
			sourceTree = "<group>";
		};
		7016377321BBCA9E00C130D5 /* Main */ = {
			isa = PBXGroup;
			children = (
				7016377721BBCAE200C130D5 /* Controller */,
				7016378C21BBDEAE00C130D5 /* Router */,
			);
			path = Main;
			sourceTree = "<group>";
		};
		7016377721BBCAE200C130D5 /* Controller */ = {
			isa = PBXGroup;
			children = (
				7016377421BBCAC300C130D5 /* MainViewController.swift */,
				7016373C21BBBB3000C130D5 /* Main.storyboard */,
			);
			path = Controller;
			sourceTree = "<group>";
		};
		7016377821BBCF6E00C130D5 /* CoreLayer */ = {
			isa = PBXGroup;
			children = (
				7016377921BBCFAF00C130D5 /* PrivacyPermissionsReachability */,
			);
			path = CoreLayer;
			sourceTree = "<group>";
		};
		7016377921BBCFAF00C130D5 /* PrivacyPermissionsReachability */ = {
			isa = PBXGroup;
			children = (
				7016377A21BBCFE900C130D5 /* PhotoLibraryPermissionsReachability.swift */,
				7016377D21BBD00300C130D5 /* CameraPermissionsReachability.swift */,
			);
			path = PrivacyPermissionsReachability;
			sourceTree = "<group>";
		};
		7016377F21BBD1D100C130D5 /* Extensions */ = {
			isa = PBXGroup;
			children = (
				7016378021BBD20000C130D5 /* UIViewControllerExtensions.swift */,
				7016379821BBF60900C130D5 /* UITableView+Factory.swift */,
				701637A521BC331600C130D5 /* UIImage+FixOrientation.swift */,
			);
			path = Extensions;
			sourceTree = "<group>";
		};
		7016378621BBDCA900C130D5 /* ImageEdit */ = {
			isa = PBXGroup;
			children = (
				7016378D21BBE27A00C130D5 /* ModuleInput */,
				7016379221BBEF5000C130D5 /* View */,
				7016378921BBDCD400C130D5 /* Controller */,
			);
			path = ImageEdit;
			sourceTree = "<group>";
		};
		7016378921BBDCD400C130D5 /* Controller */ = {
			isa = PBXGroup;
			children = (
				7016378721BBDCC900C130D5 /* ImageEditViewController.swift */,
				7016378A21BBDCFA00C130D5 /* ImageEdit.storyboard */,
			);
			path = Controller;
			sourceTree = "<group>";
		};
		7016378C21BBDEAE00C130D5 /* Router */ = {
			isa = PBXGroup;
			children = (
			);
			path = Router;
			sourceTree = "<group>";
		};
		7016378D21BBE27A00C130D5 /* ModuleInput */ = {
			isa = PBXGroup;
			children = (
				7016379021BBE6A300C130D5 /* ImageEditModuleInput.swift */,
			);
			path = ModuleInput;
			sourceTree = "<group>";
		};
		7016379221BBEF5000C130D5 /* View */ = {
			isa = PBXGroup;
			children = (
				7016379A21BC0DB900C130D5 /* Cells */,
				7016379321BBF19700C130D5 /* ImageEditDisplayManager.swift */,
			);
			path = View;
			sourceTree = "<group>";
		};
		7016379521BBF57F00C130D5 /* Factory */ = {
			isa = PBXGroup;
			children = (
				7016379621BBF5A100C130D5 /* CellFactory.swift */,
			);
			path = Factory;
			sourceTree = "<group>";
		};
		7016379A21BC0DB900C130D5 /* Cells */ = {
			isa = PBXGroup;
			children = (
				7016379B21BC0DDF00C130D5 /* ImageFilterCell.swift */,
				7016379C21BC0DDF00C130D5 /* ImageFilterCell.xib */,
			);
			path = Cells;
			sourceTree = "<group>";
		};
		701637A221BC1BD600C130D5 /* BuisnessLogicLayer */ = {
			isa = PBXGroup;
			children = (
				701637A321BC1C0200C130D5 /* ImageEditService.swift */,
			);
			path = BuisnessLogicLayer;
			sourceTree = "<group>";
		};
		701637A721BC3D7600C130D5 /* Models */ = {
			isa = PBXGroup;
			children = (
				701637A021BC0EC700C130D5 /* ImageFilters.swift */,
			);
			path = Models;
			sourceTree = "<group>";
		};
/* End PBXGroup section */

/* Begin PBXNativeTarget section */
		7016373421BBBB3000C130D5 /* ImageFilter */ = {
			isa = PBXNativeTarget;
			buildConfigurationList = 7016375D21BBBB3100C130D5 /* Build configuration list for PBXNativeTarget "ImageFilter" */;
			buildPhases = (
				7016373121BBBB3000C130D5 /* Sources */,
				7016373221BBBB3000C130D5 /* Frameworks */,
				7016373321BBBB3000C130D5 /* Resources */,
			);
			buildRules = (
			);
			dependencies = (
			);
			name = ImageFilter;
			productName = ImageFilter;
			productReference = 7016373521BBBB3000C130D5 /* ImageFilter.app */;
			productType = "com.apple.product-type.application";
		};
		7016374821BBBB3100C130D5 /* ImageFilterTests */ = {
			isa = PBXNativeTarget;
			buildConfigurationList = 7016376021BBBB3100C130D5 /* Build configuration list for PBXNativeTarget "ImageFilterTests" */;
			buildPhases = (
				7016374521BBBB3100C130D5 /* Sources */,
				7016374621BBBB3100C130D5 /* Frameworks */,
				7016374721BBBB3100C130D5 /* Resources */,
			);
			buildRules = (
			);
			dependencies = (
				7016374B21BBBB3100C130D5 /* PBXTargetDependency */,
			);
			name = ImageFilterTests;
			productName = ImageFilterTests;
			productReference = 7016374921BBBB3100C130D5 /* ImageFilterTests.xctest */;
			productType = "com.apple.product-type.bundle.unit-test";
		};
		7016375321BBBB3100C130D5 /* ImageFilterUITests */ = {
			isa = PBXNativeTarget;
			buildConfigurationList = 7016376321BBBB3100C130D5 /* Build configuration list for PBXNativeTarget "ImageFilterUITests" */;
			buildPhases = (
				7016375021BBBB3100C130D5 /* Sources */,
				7016375121BBBB3100C130D5 /* Frameworks */,
				7016375221BBBB3100C130D5 /* Resources */,
			);
			buildRules = (
			);
			dependencies = (
				7016375621BBBB3100C130D5 /* PBXTargetDependency */,
			);
			name = ImageFilterUITests;
			productName = ImageFilterUITests;
			productReference = 7016375421BBBB3100C130D5 /* ImageFilterUITests.xctest */;
			productType = "com.apple.product-type.bundle.ui-testing";
		};
/* End PBXNativeTarget section */

/* Begin PBXProject section */
		7016372D21BBBB3000C130D5 /* Project object */ = {
			isa = PBXProject;
			attributes = {
				LastSwiftUpdateCheck = 1010;
				LastUpgradeCheck = 1010;
				ORGANIZATIONNAME = "Vladimir Gordienko";
				TargetAttributes = {
					7016373421BBBB3000C130D5 = {
						CreatedOnToolsVersion = 10.1;
					};
					7016374821BBBB3100C130D5 = {
						CreatedOnToolsVersion = 10.1;
						TestTargetID = 7016373421BBBB3000C130D5;
					};
					7016375321BBBB3100C130D5 = {
						CreatedOnToolsVersion = 10.1;
						TestTargetID = 7016373421BBBB3000C130D5;
					};
				};
			};
			buildConfigurationList = 7016373021BBBB3000C130D5 /* Build configuration list for PBXProject "ImageFilter" */;
			compatibilityVersion = "Xcode 9.3";
			developmentRegion = en;
			hasScannedForEncodings = 0;
			knownRegions = (
				en,
				Base,
			);
			mainGroup = 7016372C21BBBB3000C130D5;
			productRefGroup = 7016373621BBBB3000C130D5 /* Products */;
			projectDirPath = "";
			projectRoot = "";
			targets = (
				7016373421BBBB3000C130D5 /* ImageFilter */,
				7016374821BBBB3100C130D5 /* ImageFilterTests */,
				7016375321BBBB3100C130D5 /* ImageFilterUITests */,
			);
		};
/* End PBXProject section */

/* Begin PBXResourcesBuildPhase section */
		7016373321BBBB3000C130D5 /* Resources */ = {
			isa = PBXResourcesBuildPhase;
			buildActionMask = 2147483647;
			files = (
				7016378B21BBDCFA00C130D5 /* ImageEdit.storyboard in Resources */,
				7016379E21BC0DDF00C130D5 /* ImageFilterCell.xib in Resources */,
				7016374321BBBB3100C130D5 /* LaunchScreen.storyboard in Resources */,
				7016374021BBBB3100C130D5 /* Assets.xcassets in Resources */,
				7016373E21BBBB3000C130D5 /* Main.storyboard in Resources */,
			);
			runOnlyForDeploymentPostprocessing = 0;
		};
		7016374721BBBB3100C130D5 /* Resources */ = {
			isa = PBXResourcesBuildPhase;
			buildActionMask = 2147483647;
			files = (
			);
			runOnlyForDeploymentPostprocessing = 0;
		};
		7016375221BBBB3100C130D5 /* Resources */ = {
			isa = PBXResourcesBuildPhase;
			buildActionMask = 2147483647;
			files = (
			);
			runOnlyForDeploymentPostprocessing = 0;
		};
/* End PBXResourcesBuildPhase section */

/* Begin PBXSourcesBuildPhase section */
		7016373121BBBB3000C130D5 /* Sources */ = {
			isa = PBXSourcesBuildPhase;
			buildActionMask = 2147483647;
			files = (
				7016378121BBD20000C130D5 /* UIViewControllerExtensions.swift in Sources */,
				7016379121BBE6A300C130D5 /* ImageEditModuleInput.swift in Sources */,
				7016379421BBF19700C130D5 /* ImageEditDisplayManager.swift in Sources */,
				7016378521BBDBF500C130D5 /* MediaSource.swift in Sources */,
				7016376B21BBC02C00C130D5 /* TransitionController.swift in Sources */,
				7016373921BBBB3000C130D5 /* AppDelegate.swift in Sources */,
				7016378821BBDCC900C130D5 /* ImageEditViewController.swift in Sources */,
				7016378F21BBE35100C130D5 /* BaseViewController.swift in Sources */,
				7016379921BBF60900C130D5 /* UITableView+Factory.swift in Sources */,
				701637A121BC0EC700C130D5 /* ImageFilters.swift in Sources */,
				7016377521BBCAC300C130D5 /* MainViewController.swift in Sources */,
				701637A921BC408700C130D5 /* ActivityViewControllerShowing.swift in Sources */,
				7016378321BBDB3C00C130D5 /* ShowAlert.swift in Sources */,
				7016376D21BBC54800C130D5 /* TransitionConfigurationHolder.swift in Sources */,
				7016377B21BBCFE900C130D5 /* PhotoLibraryPermissionsReachability.swift in Sources */,
				701637A421BC1C0200C130D5 /* ImageEditService.swift in Sources */,
				7016379D21BC0DDF00C130D5 /* ImageFilterCell.swift in Sources */,
				7016377E21BBD00300C130D5 /* CameraPermissionsReachability.swift in Sources */,
				7016377021BBC58C00C130D5 /* AnyModuleInput.swift in Sources */,
				701637A621BC331600C130D5 /* UIImage+FixOrientation.swift in Sources */,
				7016379721BBF5A100C130D5 /* CellFactory.swift in Sources */,
			);
			runOnlyForDeploymentPostprocessing = 0;
		};
		7016374521BBBB3100C130D5 /* Sources */ = {
			isa = PBXSourcesBuildPhase;
			buildActionMask = 2147483647;
			files = (
				7016374E21BBBB3100C130D5 /* ImageFilterTests.swift in Sources */,
			);
			runOnlyForDeploymentPostprocessing = 0;
		};
		7016375021BBBB3100C130D5 /* Sources */ = {
			isa = PBXSourcesBuildPhase;
			buildActionMask = 2147483647;
			files = (
				7016375921BBBB3100C130D5 /* ImageFilterUITests.swift in Sources */,
			);
			runOnlyForDeploymentPostprocessing = 0;
		};
/* End PBXSourcesBuildPhase section */

/* Begin PBXTargetDependency section */
		7016374B21BBBB3100C130D5 /* PBXTargetDependency */ = {
			isa = PBXTargetDependency;
			target = 7016373421BBBB3000C130D5 /* ImageFilter */;
			targetProxy = 7016374A21BBBB3100C130D5 /* PBXContainerItemProxy */;
		};
		7016375621BBBB3100C130D5 /* PBXTargetDependency */ = {
			isa = PBXTargetDependency;
			target = 7016373421BBBB3000C130D5 /* ImageFilter */;
			targetProxy = 7016375521BBBB3100C130D5 /* PBXContainerItemProxy */;
		};
/* End PBXTargetDependency section */

/* Begin PBXVariantGroup section */
		7016373C21BBBB3000C130D5 /* Main.storyboard */ = {
			isa = PBXVariantGroup;
			children = (
				7016373D21BBBB3000C130D5 /* Base */,
			);
			name = Main.storyboard;
			sourceTree = "<group>";
		};
		7016374121BBBB3100C130D5 /* LaunchScreen.storyboard */ = {
			isa = PBXVariantGroup;
			children = (
				7016374221BBBB3100C130D5 /* Base */,
			);
			name = LaunchScreen.storyboard;
			sourceTree = "<group>";
		};
/* End PBXVariantGroup section */

/* Begin XCBuildConfiguration section */
		7016375B21BBBB3100C130D5 /* Debug */ = {
			isa = XCBuildConfiguration;
			buildSettings = {
				ALWAYS_SEARCH_USER_PATHS = NO;
				CLANG_ANALYZER_NONNULL = YES;
				CLANG_ANALYZER_NUMBER_OBJECT_CONVERSION = YES_AGGRESSIVE;
				CLANG_CXX_LANGUAGE_STANDARD = "gnu++14";
				CLANG_CXX_LIBRARY = "libc++";
				CLANG_ENABLE_MODULES = YES;
				CLANG_ENABLE_OBJC_ARC = YES;
				CLANG_ENABLE_OBJC_WEAK = YES;
				CLANG_WARN_BLOCK_CAPTURE_AUTORELEASING = YES;
				CLANG_WARN_BOOL_CONVERSION = YES;
				CLANG_WARN_COMMA = YES;
				CLANG_WARN_CONSTANT_CONVERSION = YES;
				CLANG_WARN_DEPRECATED_OBJC_IMPLEMENTATIONS = YES;
				CLANG_WARN_DIRECT_OBJC_ISA_USAGE = YES_ERROR;
				CLANG_WARN_DOCUMENTATION_COMMENTS = YES;
				CLANG_WARN_EMPTY_BODY = YES;
				CLANG_WARN_ENUM_CONVERSION = YES;
				CLANG_WARN_INFINITE_RECURSION = YES;
				CLANG_WARN_INT_CONVERSION = YES;
				CLANG_WARN_NON_LITERAL_NULL_CONVERSION = YES;
				CLANG_WARN_OBJC_IMPLICIT_RETAIN_SELF = YES;
				CLANG_WARN_OBJC_LITERAL_CONVERSION = YES;
				CLANG_WARN_OBJC_ROOT_CLASS = YES_ERROR;
				CLANG_WARN_RANGE_LOOP_ANALYSIS = YES;
				CLANG_WARN_STRICT_PROTOTYPES = YES;
				CLANG_WARN_SUSPICIOUS_MOVE = YES;
				CLANG_WARN_UNGUARDED_AVAILABILITY = YES_AGGRESSIVE;
				CLANG_WARN_UNREACHABLE_CODE = YES;
				CLANG_WARN__DUPLICATE_METHOD_MATCH = YES;
				CODE_SIGN_IDENTITY = "iPhone Developer";
				COPY_PHASE_STRIP = NO;
				DEBUG_INFORMATION_FORMAT = dwarf;
				ENABLE_STRICT_OBJC_MSGSEND = YES;
				ENABLE_TESTABILITY = YES;
				GCC_C_LANGUAGE_STANDARD = gnu11;
				GCC_DYNAMIC_NO_PIC = NO;
				GCC_NO_COMMON_BLOCKS = YES;
				GCC_OPTIMIZATION_LEVEL = 0;
				GCC_PREPROCESSOR_DEFINITIONS = (
					"DEBUG=1",
					"$(inherited)",
				);
				GCC_WARN_64_TO_32_BIT_CONVERSION = YES;
				GCC_WARN_ABOUT_RETURN_TYPE = YES_ERROR;
				GCC_WARN_UNDECLARED_SELECTOR = YES;
				GCC_WARN_UNINITIALIZED_AUTOS = YES_AGGRESSIVE;
				GCC_WARN_UNUSED_FUNCTION = YES;
				GCC_WARN_UNUSED_VARIABLE = YES;
				IPHONEOS_DEPLOYMENT_TARGET = 12.1;
				MTL_ENABLE_DEBUG_INFO = INCLUDE_SOURCE;
				MTL_FAST_MATH = YES;
				ONLY_ACTIVE_ARCH = YES;
				SDKROOT = iphoneos;
				SWIFT_ACTIVE_COMPILATION_CONDITIONS = DEBUG;
				SWIFT_OPTIMIZATION_LEVEL = "-Onone";
			};
			name = Debug;
		};
		7016375C21BBBB3100C130D5 /* Release */ = {
			isa = XCBuildConfiguration;
			buildSettings = {
				ALWAYS_SEARCH_USER_PATHS = NO;
				CLANG_ANALYZER_NONNULL = YES;
				CLANG_ANALYZER_NUMBER_OBJECT_CONVERSION = YES_AGGRESSIVE;
				CLANG_CXX_LANGUAGE_STANDARD = "gnu++14";
				CLANG_CXX_LIBRARY = "libc++";
				CLANG_ENABLE_MODULES = YES;
				CLANG_ENABLE_OBJC_ARC = YES;
				CLANG_ENABLE_OBJC_WEAK = YES;
				CLANG_WARN_BLOCK_CAPTURE_AUTORELEASING = YES;
				CLANG_WARN_BOOL_CONVERSION = YES;
				CLANG_WARN_COMMA = YES;
				CLANG_WARN_CONSTANT_CONVERSION = YES;
				CLANG_WARN_DEPRECATED_OBJC_IMPLEMENTATIONS = YES;
				CLANG_WARN_DIRECT_OBJC_ISA_USAGE = YES_ERROR;
				CLANG_WARN_DOCUMENTATION_COMMENTS = YES;
				CLANG_WARN_EMPTY_BODY = YES;
				CLANG_WARN_ENUM_CONVERSION = YES;
				CLANG_WARN_INFINITE_RECURSION = YES;
				CLANG_WARN_INT_CONVERSION = YES;
				CLANG_WARN_NON_LITERAL_NULL_CONVERSION = YES;
				CLANG_WARN_OBJC_IMPLICIT_RETAIN_SELF = YES;
				CLANG_WARN_OBJC_LITERAL_CONVERSION = YES;
				CLANG_WARN_OBJC_ROOT_CLASS = YES_ERROR;
				CLANG_WARN_RANGE_LOOP_ANALYSIS = YES;
				CLANG_WARN_STRICT_PROTOTYPES = YES;
				CLANG_WARN_SUSPICIOUS_MOVE = YES;
				CLANG_WARN_UNGUARDED_AVAILABILITY = YES_AGGRESSIVE;
				CLANG_WARN_UNREACHABLE_CODE = YES;
				CLANG_WARN__DUPLICATE_METHOD_MATCH = YES;
				CODE_SIGN_IDENTITY = "iPhone Developer";
				COPY_PHASE_STRIP = NO;
				DEBUG_INFORMATION_FORMAT = "dwarf-with-dsym";
				ENABLE_NS_ASSERTIONS = NO;
				ENABLE_STRICT_OBJC_MSGSEND = YES;
				GCC_C_LANGUAGE_STANDARD = gnu11;
				GCC_NO_COMMON_BLOCKS = YES;
				GCC_WARN_64_TO_32_BIT_CONVERSION = YES;
				GCC_WARN_ABOUT_RETURN_TYPE = YES_ERROR;
				GCC_WARN_UNDECLARED_SELECTOR = YES;
				GCC_WARN_UNINITIALIZED_AUTOS = YES_AGGRESSIVE;
				GCC_WARN_UNUSED_FUNCTION = YES;
				GCC_WARN_UNUSED_VARIABLE = YES;
				IPHONEOS_DEPLOYMENT_TARGET = 12.1;
				MTL_ENABLE_DEBUG_INFO = NO;
				MTL_FAST_MATH = YES;
				SDKROOT = iphoneos;
				SWIFT_COMPILATION_MODE = wholemodule;
				SWIFT_OPTIMIZATION_LEVEL = "-O";
				VALIDATE_PRODUCT = YES;
			};
			name = Release;
		};
		7016375E21BBBB3100C130D5 /* Debug */ = {
			isa = XCBuildConfiguration;
			buildSettings = {
				ASSETCATALOG_COMPILER_APPICON_NAME = AppIcon;
				CODE_SIGN_IDENTITY = "iPhone Developer";
				CODE_SIGN_STYLE = Automatic;
				DEVELOPMENT_TEAM = 62EURDPN8F;
				INFOPLIST_FILE = "$(SRCROOT)/ImageFilter/SupportingFiles/Info.plist";
				LD_RUNPATH_SEARCH_PATHS = (
					"$(inherited)",
					"@executable_path/Frameworks",
				);
				PRODUCT_BUNDLE_IDENTIFIER = "Vladimir-Gordienko.ImageFilter";
				PRODUCT_NAME = "$(TARGET_NAME)";
				PROVISIONING_PROFILE_SPECIFIER = "";
				SWIFT_VERSION = 4.2;
				TARGETED_DEVICE_FAMILY = 1;
			};
			name = Debug;
		};
		7016375F21BBBB3100C130D5 /* Release */ = {
			isa = XCBuildConfiguration;
			buildSettings = {
				ASSETCATALOG_COMPILER_APPICON_NAME = AppIcon;
				CODE_SIGN_IDENTITY = "iPhone Developer";
				CODE_SIGN_STYLE = Automatic;
				DEVELOPMENT_TEAM = 62EURDPN8F;
				INFOPLIST_FILE = "$(SRCROOT)/ImageFilter/SupportingFiles/Info.plist";
				LD_RUNPATH_SEARCH_PATHS = (
					"$(inherited)",
					"@executable_path/Frameworks",
				);
				PRODUCT_BUNDLE_IDENTIFIER = "Vladimir-Gordienko.ImageFilter";
				PRODUCT_NAME = "$(TARGET_NAME)";
				PROVISIONING_PROFILE_SPECIFIER = "";
				SWIFT_VERSION = 4.2;
				TARGETED_DEVICE_FAMILY = 1;
			};
			name = Release;
		};
		7016376121BBBB3100C130D5 /* Debug */ = {
			isa = XCBuildConfiguration;
			buildSettings = {
				ALWAYS_EMBED_SWIFT_STANDARD_LIBRARIES = YES;
				BUNDLE_LOADER = "$(TEST_HOST)";
				CODE_SIGN_STYLE = Automatic;
				INFOPLIST_FILE = ImageFilterTests/Info.plist;
				LD_RUNPATH_SEARCH_PATHS = (
					"$(inherited)",
					"@executable_path/Frameworks",
					"@loader_path/Frameworks",
				);
				PRODUCT_BUNDLE_IDENTIFIER = "Vladimir-Gordienko.ImageFilterTests";
				PRODUCT_NAME = "$(TARGET_NAME)";
				SWIFT_VERSION = 4.2;
				TARGETED_DEVICE_FAMILY = "1,2";
				TEST_HOST = "$(BUILT_PRODUCTS_DIR)/ImageFilter.app/ImageFilter";
			};
			name = Debug;
		};
		7016376221BBBB3100C130D5 /* Release */ = {
			isa = XCBuildConfiguration;
			buildSettings = {
				ALWAYS_EMBED_SWIFT_STANDARD_LIBRARIES = YES;
				BUNDLE_LOADER = "$(TEST_HOST)";
				CODE_SIGN_STYLE = Automatic;
				INFOPLIST_FILE = ImageFilterTests/Info.plist;
				LD_RUNPATH_SEARCH_PATHS = (
					"$(inherited)",
					"@executable_path/Frameworks",
					"@loader_path/Frameworks",
				);
				PRODUCT_BUNDLE_IDENTIFIER = "Vladimir-Gordienko.ImageFilterTests";
				PRODUCT_NAME = "$(TARGET_NAME)";
				SWIFT_VERSION = 4.2;
				TARGETED_DEVICE_FAMILY = "1,2";
				TEST_HOST = "$(BUILT_PRODUCTS_DIR)/ImageFilter.app/ImageFilter";
			};
			name = Release;
		};
		7016376421BBBB3100C130D5 /* Debug */ = {
			isa = XCBuildConfiguration;
			buildSettings = {
				ALWAYS_EMBED_SWIFT_STANDARD_LIBRARIES = YES;
				CODE_SIGN_STYLE = Automatic;
				INFOPLIST_FILE = ImageFilterUITests/Info.plist;
				LD_RUNPATH_SEARCH_PATHS = (
					"$(inherited)",
					"@executable_path/Frameworks",
					"@loader_path/Frameworks",
				);
				PRODUCT_BUNDLE_IDENTIFIER = "Vladimir-Gordienko.ImageFilterUITests";
				PRODUCT_NAME = "$(TARGET_NAME)";
				SWIFT_VERSION = 4.2;
				TARGETED_DEVICE_FAMILY = "1,2";
				TEST_TARGET_NAME = ImageFilter;
			};
			name = Debug;
		};
		7016376521BBBB3100C130D5 /* Release */ = {
			isa = XCBuildConfiguration;
			buildSettings = {
				ALWAYS_EMBED_SWIFT_STANDARD_LIBRARIES = YES;
				CODE_SIGN_STYLE = Automatic;
				INFOPLIST_FILE = ImageFilterUITests/Info.plist;
				LD_RUNPATH_SEARCH_PATHS = (
					"$(inherited)",
					"@executable_path/Frameworks",
					"@loader_path/Frameworks",
				);
				PRODUCT_BUNDLE_IDENTIFIER = "Vladimir-Gordienko.ImageFilterUITests";
				PRODUCT_NAME = "$(TARGET_NAME)";
				SWIFT_VERSION = 4.2;
				TARGETED_DEVICE_FAMILY = "1,2";
				TEST_TARGET_NAME = ImageFilter;
			};
			name = Release;
		};
/* End XCBuildConfiguration section */

/* Begin XCConfigurationList section */
		7016373021BBBB3000C130D5 /* Build configuration list for PBXProject "ImageFilter" */ = {
			isa = XCConfigurationList;
			buildConfigurations = (
				7016375B21BBBB3100C130D5 /* Debug */,
				7016375C21BBBB3100C130D5 /* Release */,
			);
			defaultConfigurationIsVisible = 0;
			defaultConfigurationName = Release;
		};
		7016375D21BBBB3100C130D5 /* Build configuration list for PBXNativeTarget "ImageFilter" */ = {
			isa = XCConfigurationList;
			buildConfigurations = (
				7016375E21BBBB3100C130D5 /* Debug */,
				7016375F21BBBB3100C130D5 /* Release */,
			);
			defaultConfigurationIsVisible = 0;
			defaultConfigurationName = Release;
		};
		7016376021BBBB3100C130D5 /* Build configuration list for PBXNativeTarget "ImageFilterTests" */ = {
			isa = XCConfigurationList;
			buildConfigurations = (
				7016376121BBBB3100C130D5 /* Debug */,
				7016376221BBBB3100C130D5 /* Release */,
			);
			defaultConfigurationIsVisible = 0;
			defaultConfigurationName = Release;
		};
		7016376321BBBB3100C130D5 /* Build configuration list for PBXNativeTarget "ImageFilterUITests" */ = {
			isa = XCConfigurationList;
			buildConfigurations = (
				7016376421BBBB3100C130D5 /* Debug */,
				7016376521BBBB3100C130D5 /* Release */,
			);
			defaultConfigurationIsVisible = 0;
			defaultConfigurationName = Release;
		};
/* End XCConfigurationList section */
	};
	rootObject = 7016372D21BBBB3000C130D5 /* Project object */;
}
